// !$*UTF8*$!
{
	archiveVersion = 1;
	classes = {
	};
	objectVersion = 46;
	objects = {

/* Begin PBXBuildFile section */
		3E2646061B6B266200942C2F /* AppDelegate.swift in Sources */ = {isa = PBXBuildFile; fileRef = 3E2646051B6B266200942C2F /* AppDelegate.swift */; };
		3E2646081B6B266200942C2F /* ViewController.swift in Sources */ = {isa = PBXBuildFile; fileRef = 3E2646071B6B266200942C2F /* ViewController.swift */; };
		3E26460B1B6B266200942C2F /* Main.storyboard in Resources */ = {isa = PBXBuildFile; fileRef = 3E2646091B6B266200942C2F /* Main.storyboard */; };
		3E26460D1B6B266200942C2F /* Images.xcassets in Resources */ = {isa = PBXBuildFile; fileRef = 3E26460C1B6B266200942C2F /* Images.xcassets */; };
		3E2646101B6B266200942C2F /* LaunchScreen.xib in Resources */ = {isa = PBXBuildFile; fileRef = 3E26460E1B6B266200942C2F /* LaunchScreen.xib */; };
		3E26461C1B6B266200942C2F /* MatrixMultiplyTests.swift in Sources */ = {isa = PBXBuildFile; fileRef = 3E26461B1B6B266200942C2F /* MatrixMultiplyTests.swift */; };
/* End PBXBuildFile section */

/* Begin PBXContainerItemProxy section */
		3E2646161B6B266200942C2F /* PBXContainerItemProxy */ = {
			isa = PBXContainerItemProxy;
			containerPortal = 3E2645F81B6B266200942C2F /* Project object */;
			proxyType = 1;
			remoteGlobalIDString = 3E2645FF1B6B266200942C2F;
			remoteInfo = MatrixMultiply;
		};
/* End PBXContainerItemProxy section */

/* Begin PBXFileReference section */
		3E2646001B6B266200942C2F /* MatrixMultiply.app */ = {isa = PBXFileReference; explicitFileType = wrapper.application; includeInIndex = 0; path = MatrixMultiply.app; sourceTree = BUILT_PRODUCTS_DIR; };
		3E2646041B6B266200942C2F /* Info.plist */ = {isa = PBXFileReference; lastKnownFileType = text.plist.xml; path = Info.plist; sourceTree = "<group>"; };
		3E2646051B6B266200942C2F /* AppDelegate.swift */ = {isa = PBXFileReference; lastKnownFileType = sourcecode.swift; path = AppDelegate.swift; sourceTree = "<group>"; };
		3E2646071B6B266200942C2F /* ViewController.swift */ = {isa = PBXFileReference; lastKnownFileType = sourcecode.swift; path = ViewController.swift; sourceTree = "<group>"; };
		3E26460A1B6B266200942C2F /* Base */ = {isa = PBXFileReference; lastKnownFileType = file.storyboard; name = Base; path = Base.lproj/Main.storyboard; sourceTree = "<group>"; };
		3E26460C1B6B266200942C2F /* Images.xcassets */ = {isa = PBXFileReference; lastKnownFileType = folder.assetcatalog; path = Images.xcassets; sourceTree = "<group>"; };
		3E26460F1B6B266200942C2F /* Base */ = {isa = PBXFileReference; lastKnownFileType = file.xib; name = Base; path = Base.lproj/LaunchScreen.xib; sourceTree = "<group>"; };
		3E2646151B6B266200942C2F /* MatrixMultiplyTests.xctest */ = {isa = PBXFileReference; explicitFileType = wrapper.cfbundle; includeInIndex = 0; path = MatrixMultiplyTests.xctest; sourceTree = BUILT_PRODUCTS_DIR; };
		3E26461A1B6B266200942C2F /* Info.plist */ = {isa = PBXFileReference; lastKnownFileType = text.plist.xml; path = Info.plist; sourceTree = "<group>"; };
		3E26461B1B6B266200942C2F /* MatrixMultiplyTests.swift */ = {isa = PBXFileReference; lastKnownFileType = sourcecode.swift; path = MatrixMultiplyTests.swift; sourceTree = "<group>"; };
/* End PBXFileReference section */

/* Begin PBXFrameworksBuildPhase section */
		3E2645FD1B6B266200942C2F /* Frameworks */ = {
			isa = PBXFrameworksBuildPhase;
			buildActionMask = 2147483647;
			files = (
			);
			runOnlyForDeploymentPostprocessing = 0;
		};
		3E2646121B6B266200942C2F /* Frameworks */ = {
			isa = PBXFrameworksBuildPhase;
			buildActionMask = 2147483647;
			files = (
			);
			runOnlyForDeploymentPostprocessing = 0;
		};
/* End PBXFrameworksBuildPhase section */

/* Begin PBXGroup section */
		3E2645F71B6B266200942C2F = {
			isa = PBXGroup;
			children = (
				3E2646021B6B266200942C2F /* MatrixMultiply */,
				3E2646181B6B266200942C2F /* MatrixMultiplyTests */,
				3E2646011B6B266200942C2F /* Products */,
			);
			sourceTree = "<group>";
		};
		3E2646011B6B266200942C2F /* Products */ = {
			isa = PBXGroup;
			children = (
				3E2646001B6B266200942C2F /* MatrixMultiply.app */,
				3E2646151B6B266200942C2F /* MatrixMultiplyTests.xctest */,
			);
			name = Products;
			sourceTree = "<group>";
		};
		3E2646021B6B266200942C2F /* MatrixMultiply */ = {
			isa = PBXGroup;
			children = (
				3E2646051B6B266200942C2F /* AppDelegate.swift */,
				3E2646071B6B266200942C2F /* ViewController.swift */,
				3E2646091B6B266200942C2F /* Main.storyboard */,
				3E26460C1B6B266200942C2F /* Images.xcassets */,
				3E26460E1B6B266200942C2F /* LaunchScreen.xib */,
				3E2646031B6B266200942C2F /* Supporting Files */,
			);
			path = MatrixMultiply;
			sourceTree = "<group>";
		};
		3E2646031B6B266200942C2F /* Supporting Files */ = {
			isa = PBXGroup;
			children = (
				3E2646041B6B266200942C2F /* Info.plist */,
			);
			name = "Supporting Files";
			sourceTree = "<group>";
		};
		3E2646181B6B266200942C2F /* MatrixMultiplyTests */ = {
			isa = PBXGroup;
			children = (
				3E26461B1B6B266200942C2F /* MatrixMultiplyTests.swift */,
				3E2646191B6B266200942C2F /* Supporting Files */,
			);
			path = MatrixMultiplyTests;
			sourceTree = "<group>";
		};
		3E2646191B6B266200942C2F /* Supporting Files */ = {
			isa = PBXGroup;
			children = (
				3E26461A1B6B266200942C2F /* Info.plist */,
			);
			name = "Supporting Files";
			sourceTree = "<group>";
		};
/* End PBXGroup section */

/* Begin PBXNativeTarget section */
		3E2645FF1B6B266200942C2F /* MatrixMultiply */ = {
			isa = PBXNativeTarget;
			buildConfigurationList = 3E26461F1B6B266200942C2F /* Build configuration list for PBXNativeTarget "MatrixMultiply" */;
			buildPhases = (
				3E2645FC1B6B266200942C2F /* Sources */,
				3E2645FD1B6B266200942C2F /* Frameworks */,
				3E2645FE1B6B266200942C2F /* Resources */,
			);
			buildRules = (
			);
			dependencies = (
			);
			name = MatrixMultiply;
			productName = MatrixMultiply;
			productReference = 3E2646001B6B266200942C2F /* MatrixMultiply.app */;
			productType = "com.apple.product-type.application";
		};
		3E2646141B6B266200942C2F /* MatrixMultiplyTests */ = {
			isa = PBXNativeTarget;
			buildConfigurationList = 3E2646221B6B266200942C2F /* Build configuration list for PBXNativeTarget "MatrixMultiplyTests" */;
			buildPhases = (
				3E2646111B6B266200942C2F /* Sources */,
				3E2646121B6B266200942C2F /* Frameworks */,
				3E2646131B6B266200942C2F /* Resources */,
			);
			buildRules = (
			);
			dependencies = (
				3E2646171B6B266200942C2F /* PBXTargetDependency */,
			);
			name = MatrixMultiplyTests;
			productName = MatrixMultiplyTests;
			productReference = 3E2646151B6B266200942C2F /* MatrixMultiplyTests.xctest */;
			productType = "com.apple.product-type.bundle.unit-test";
		};
/* End PBXNativeTarget section */

/* Begin PBXProject section */
		3E2645F81B6B266200942C2F /* Project object */ = {
			isa = PBXProject;
			attributes = {
				LastUpgradeCheck = 0640;
				ORGANIZATIONNAME = "Solera Inc";
				TargetAttributes = {
					3E2645FF1B6B266200942C2F = {
						CreatedOnToolsVersion = 6.4;
					};
					3E2646141B6B266200942C2F = {
						CreatedOnToolsVersion = 6.4;
						TestTargetID = 3E2645FF1B6B266200942C2F;
					};
				};
			};
			buildConfigurationList = 3E2645FB1B6B266200942C2F /* Build configuration list for PBXProject "MatrixMultiply" */;
			compatibilityVersion = "Xcode 3.2";
			developmentRegion = English;
			hasScannedForEncodings = 0;
			knownRegions = (
				en,
				Base,
			);
			mainGroup = 3E2645F71B6B266200942C2F;
			productRefGroup = 3E2646011B6B266200942C2F /* Products */;
			projectDirPath = "";
			projectRoot = "";
			targets = (
				3E2645FF1B6B266200942C2F /* MatrixMultiply */,
				3E2646141B6B266200942C2F /* MatrixMultiplyTests */,
			);
		};
/* End PBXProject section */

/* Begin PBXResourcesBuildPhase section */
		3E2645FE1B6B266200942C2F /* Resources */ = {
			isa = PBXResourcesBuildPhase;
			buildActionMask = 2147483647;
			files = (
				3E26460B1B6B266200942C2F /* Main.storyboard in Resources */,
				3E2646101B6B266200942C2F /* LaunchScreen.xib in Resources */,
				3E26460D1B6B266200942C2F /* Images.xcassets in Resources */,
			);
			runOnlyForDeploymentPostprocessing = 0;
		};
		3E2646131B6B266200942C2F /* Resources */ = {
			isa = PBXResourcesBuildPhase;
			buildActionMask = 2147483647;
			files = (
			);
			runOnlyForDeploymentPostprocessing = 0;
		};
/* End PBXResourcesBuildPhase section */

/* Begin PBXSourcesBuildPhase section */
		3E2645FC1B6B266200942C2F /* Sources */ = {
			isa = PBXSourcesBuildPhase;
			buildActionMask = 2147483647;
			files = (
				3E2646081B6B266200942C2F /* ViewController.swift in Sources */,
				3E2646061B6B266200942C2F /* AppDelegate.swift in Sources */,
			);
			runOnlyForDeploymentPostprocessing = 0;
		};
		3E2646111B6B266200942C2F /* Sources */ = {
			isa = PBXSourcesBuildPhase;
			buildActionMask = 2147483647;
			files = (
				3E26461C1B6B266200942C2F /* MatrixMultiplyTests.swift in Sources */,
			);
			runOnlyForDeploymentPostprocessing = 0;
		};
/* End PBXSourcesBuildPhase section */

/* Begin PBXTargetDependency section */
		3E2646171B6B266200942C2F /* PBXTargetDependency */ = {
			isa = PBXTargetDependency;
			target = 3E2645FF1B6B266200942C2F /* MatrixMultiply */;
			targetProxy = 3E2646161B6B266200942C2F /* PBXContainerItemProxy */;
		};
/* End PBXTargetDependency section */

/* Begin PBXVariantGroup section */
		3E2646091B6B266200942C2F /* Main.storyboard */ = {
			isa = PBXVariantGroup;
			children = (
				3E26460A1B6B266200942C2F /* Base */,
			);
			name = Main.storyboard;
			sourceTree = "<group>";
		};
		3E26460E1B6B266200942C2F /* LaunchScreen.xib */ = {
			isa = PBXVariantGroup;
			children = (
				3E26460F1B6B266200942C2F /* Base */,
			);
			name = LaunchScreen.xib;
			sourceTree = "<group>";
		};
/* End PBXVariantGroup section */

/* Begin XCBuildConfiguration section */
		3E26461D1B6B266200942C2F /* Debug */ = {
			isa = XCBuildConfiguration;
			buildSettings = {
				ALWAYS_SEARCH_USER_PATHS = NO;
				CLANG_CXX_LANGUAGE_STANDARD = "gnu++0x";
				CLANG_CXX_LIBRARY = "libc++";
				CLANG_ENABLE_MODULES = YES;
				CLANG_ENABLE_OBJC_ARC = YES;
				CLANG_WARN_BOOL_CONVERSION = YES;
				CLANG_WARN_CONSTANT_CONVERSION = YES;
				CLANG_WARN_DIRECT_OBJC_ISA_USAGE = YES_ERROR;
				CLANG_WARN_EMPTY_BODY = YES;
				CLANG_WARN_ENUM_CONVERSION = YES;
				CLANG_WARN_INT_CONVERSION = YES;
				CLANG_WARN_OBJC_ROOT_CLASS = YES_ERROR;
				CLANG_WARN_UNREACHABLE_CODE = YES;
				CLANG_WARN__DUPLICATE_METHOD_MATCH = YES;
				"CODE_SIGN_IDENTITY[sdk=iphoneos*]" = "iPhone Developer";
				COPY_PHASE_STRIP = NO;
				DEBUG_INFORMATION_FORMAT = "dwarf-with-dsym";
				ENABLE_STRICT_OBJC_MSGSEND = YES;
				GCC_C_LANGUAGE_STANDARD = gnu99;
				GCC_DYNAMIC_NO_PIC = NO;
				GCC_NO_COMMON_BLOCKS = YES;
				GCC_OPTIMIZATION_LEVEL = 0;
				GCC_PREPROCESSOR_DEFINITIONS = (
					"DEBUG=1",
					"$(inherited)",
				);
				GCC_SYMBOLS_PRIVATE_EXTERN = NO;
				GCC_WARN_64_TO_32_BIT_CONVERSION = YES;
				GCC_WARN_ABOUT_RETURN_TYPE = YES_ERROR;
				GCC_WARN_UNDECLARED_SELECTOR = YES;
				GCC_WARN_UNINITIALIZED_AUTOS = YES_AGGRESSIVE;
				GCC_WARN_UNUSED_FUNCTION = YES;
				GCC_WARN_UNUSED_VARIABLE = YES;
				IPHONEOS_DEPLOYMENT_TARGET = 8.4;
				MTL_ENABLE_DEBUG_INFO = YES;
				ONLY_ACTIVE_ARCH = YES;
				SDKROOT = iphoneos;
				SWIFT_OPTIMIZATION_LEVEL = "-Onone";
				TARGETED_DEVICE_FAMILY = "1,2";
			};
			name = Debug;
		};
		3E26461E1B6B266200942C2F /* Release */ = {
			isa = XCBuildConfiguration;
			buildSettings = {
				ALWAYS_SEARCH_USER_PATHS = NO;
				CLANG_CXX_LANGUAGE_STANDARD = "gnu++0x";
				CLANG_CXX_LIBRARY = "libc++";
				CLANG_ENABLE_MODULES = YES;
				CLANG_ENABLE_OBJC_ARC = YES;
				CLANG_WARN_BOOL_CONVERSION = YES;
				CLANG_WARN_CONSTANT_CONVERSION = YES;
				CLANG_WARN_DIRECT_OBJC_ISA_USAGE = YES_ERROR;
				CLANG_WARN_EMPTY_BODY = YES;
				CLANG_WARN_ENUM_CONVERSION = YES;
				CLANG_WARN_INT_CONVERSION = YES;
				CLANG_WARN_OBJC_ROOT_CLASS = YES_ERROR;
				CLANG_WARN_UNREACHABLE_CODE = YES;
				CLANG_WARN__DUPLICATE_METHOD_MATCH = YES;
				"CODE_SIGN_IDENTITY[sdk=iphoneos*]" = "iPhone Developer";
				COPY_PHASE_STRIP = NO;
				DEBUG_INFORMATION_FORMAT = "dwarf-with-dsym";
				ENABLE_NS_ASSERTIONS = NO;
				ENABLE_STRICT_OBJC_MSGSEND = YES;
				GCC_C_LANGUAGE_STANDARD = gnu99;
				GCC_NO_COMMON_BLOCKS = YES;
				GCC_WARN_64_TO_32_BIT_CONVERSION = YES;
				GCC_WARN_ABOUT_RETURN_TYPE = YES_ERROR;
				GCC_WARN_UNDECLARED_SELECTOR = YES;
				GCC_WARN_UNINITIALIZED_AUTOS = YES_AGGRESSIVE;
				GCC_WARN_UNUSED_FUNCTION = YES;
				GCC_WARN_UNUSED_VARIABLE = YES;
				IPHONEOS_DEPLOYMENT_TARGET = 8.4;
				MTL_ENABLE_DEBUG_INFO = NO;
				SDKROOT = iphoneos;
				TARGETED_DEVICE_FAMILY = "1,2";
				VALIDATE_PRODUCT = YES;
			};
			name = Release;
		};
		3E2646201B6B266200942C2F /* Debug */ = {
			isa = XCBuildConfiguration;
			buildSettings = {
				ASSETCATALOG_COMPILER_APPICON_NAME = AppIcon;
				INFOPLIST_FILE = MatrixMultiply/Info.plist;
				LD_RUNPATH_SEARCH_PATHS = "$(inherited) @executable_path/Frameworks";
				PRODUCT_NAME = "$(TARGET_NAME)";
			};
			name = Debug;
		};
		3E2646211B6B266200942C2F /* Release */ = {
			isa = XCBuildConfiguration;
			buildSettings = {
				ASSETCATALOG_COMPILER_APPICON_NAME = AppIcon;
				INFOPLIST_FILE = MatrixMultiply/Info.plist;
				LD_RUNPATH_SEARCH_PATHS = "$(inherited) @executable_path/Frameworks";
				PRODUCT_NAME = "$(TARGET_NAME)";
			};
			name = Release;
		};
		3E2646231B6B266200942C2F /* Debug */ = {
			isa = XCBuildConfiguration;
			buildSettings = {
				BUNDLE_LOADER = "$(TEST_HOST)";
				FRAMEWORK_SEARCH_PATHS = (
					"$(SDKROOT)/Developer/Library/Frameworks",
					"$(inherited)",
				);
				GCC_PREPROCESSOR_DEFINITIONS = (
					"DEBUG=1",
					"$(inherited)",
				);
				INFOPLIST_FILE = MatrixMultiplyTests/Info.plist;
				LD_RUNPATH_SEARCH_PATHS = "$(inherited) @executable_path/Frameworks @loader_path/Frameworks";
				PRODUCT_NAME = "$(TARGET_NAME)";
				TEST_HOST = "$(BUILT_PRODUCTS_DIR)/MatrixMultiply.app/MatrixMultiply";
			};
			name = Debug;
		};
		3E2646241B6B266200942C2F /* Release */ = {
			isa = XCBuildConfiguration;
			buildSettings = {
				BUNDLE_LOADER = "$(TEST_HOST)";
				FRAMEWORK_SEARCH_PATHS = (
					"$(SDKROOT)/Developer/Library/Frameworks",
					"$(inherited)",
				);
				INFOPLIST_FILE = MatrixMultiplyTests/Info.plist;
				LD_RUNPATH_SEARCH_PATHS = "$(inherited) @executable_path/Frameworks @loader_path/Frameworks";
				PRODUCT_NAME = "$(TARGET_NAME)";
				TEST_HOST = "$(BUILT_PRODUCTS_DIR)/MatrixMultiply.app/MatrixMultiply";
			};
			name = Release;
		};
/* End XCBuildConfiguration section */

/* Begin XCConfigurationList section */
		3E2645FB1B6B266200942C2F /* Build configuration list for PBXProject "MatrixMultiply" */ = {
			isa = XCConfigurationList;
			buildConfigurations = (
				3E26461D1B6B266200942C2F /* Debug */,
				3E26461E1B6B266200942C2F /* Release */,
			);
			defaultConfigurationIsVisible = 0;
			defaultConfigurationName = Release;
		};
		3E26461F1B6B266200942C2F /* Build configuration list for PBXNativeTarget "MatrixMultiply" */ = {
			isa = XCConfigurationList;
			buildConfigurations = (
				3E2646201B6B266200942C2F /* Debug */,
				3E2646211B6B266200942C2F /* Release */,
			);
			defaultConfigurationIsVisible = 0;
		};
		3E2646221B6B266200942C2F /* Build configuration list for PBXNativeTarget "MatrixMultiplyTests" */ = {
			isa = XCConfigurationList;
			buildConfigurations = (
				3E2646231B6B266200942C2F /* Debug */,
				3E2646241B6B266200942C2F /* Release */,
			);
			defaultConfigurationIsVisible = 0;
		};
/* End XCConfigurationList section */
	};
	rootObject = 3E2645F81B6B266200942C2F /* Project object */;
}
